{
    "_readme": [
        "This file locks the dependencies of your project to a known state",
        "Read more about it at https://getcomposer.org/doc/01-basic-usage.md#installing-dependencies",
        "This file is @generated automatically"
    ],
    "content-hash": "fecd29429dba4f30832708105806c2bb",
    "packages": [
        {
            "name": "di2/container",
            "version": "dev-main",
            "source": {
                "type": "git",
                "url": "https://github.com/Shveikin/DI2.Container.git",
                "reference": "28028c9de3de2190cda697b3b21c3fbd528e1231"
            },
            "dist": {
                "type": "zip",
                "url": "https://api.github.com/repos/Shveikin/DI2.Container/zipball/28028c9de3de2190cda697b3b21c3fbd528e1231",
                "reference": "28028c9de3de2190cda697b3b21c3fbd528e1231",
                "shasum": ""
            },
            "default-branch": true,
            "type": "library",
            "autoload": {
                "psr-4": {
                    "DI2\\": "src/"
                }
            },
            "notification-url": "https://packagist.org/downloads/",
            "license": [
                "MIT"
            ],
            "authors": [
                {
                    "name": "picus23",
                    "email": "picus.2022@mail.ru"
                }
            ],
            "description": "DI2",
            "support": {
                "issues": "https://github.com/Shveikin/DI2.Container/issues",
                "source": "https://github.com/Shveikin/DI2.Container/tree/main"
            },
            "time": "2022-04-14T09:46:47+00:00"
        }
    ],
    "packages-dev": [],
    "aliases": [],
    "minimum-stability": "stable",
    "stability-flags": {
        "di2/container": 20
    },
    "prefer-stable": false,
    "prefer-lowest": false,
    "platform": [],
    "platform-dev": [],
    "plugin-api-version": "2.1.0"
}
