{
    "_readme": [
        "This file locks the dependencies of your project to a known state",
        "Read more about it at https://getcomposer.org/doc/01-basic-usage.md#installing-dependencies",
        "This file is @generated automatically"
    ],
    "content-hash": "2420a1850b1421485425fc4f92900fc9",
    "packages": [
        {
            "name": "di2/container",
            "version": "1.1.1",
            "source": {
                "type": "git",
                "url": "https://github.com/Shveikin/DI2.Container.git",
                "reference": "642ead5990afc20ad59904c5aba353e1cb93f53d"
            },
            "dist": {
                "type": "zip",
                "url": "https://api.github.com/repos/Shveikin/DI2.Container/zipball/642ead5990afc20ad59904c5aba353e1cb93f53d",
                "reference": "642ead5990afc20ad59904c5aba353e1cb93f53d",
                "shasum": ""
            },
            "type": "library",
            "autoload": {
                "psr-4": {
                    "DI2\\": "src/",
                    "clases\\": "example/clases"
                }
            },
            "notification-url": "https://packagist.org/downloads/",
            "license": [
                "MIT"
            ],
            "authors": [
                {
                    "name": "picus23",
                    "email": "picus.2022@mail.ru"
                }
            ],
            "description": "DI2",
            "support": {
                "issues": "https://github.com/Shveikin/DI2.Container/issues",
                "source": "https://github.com/Shveikin/DI2.Container/tree/v1.1.1"
            },
            "time": "2022-07-27T06:05:05+00:00"
        }
    ],
    "packages-dev": [],
    "aliases": [],
    "minimum-stability": "stable",
    "stability-flags": [],
    "prefer-stable": false,
    "prefer-lowest": false,
    "platform": [],
    "platform-dev": [],
    "plugin-api-version": "2.1.0"
}
