{
    "_readme": [
        "This file locks the dependencies of your project to a known state",
        "Read more about it at https://getcomposer.org/doc/01-basic-usage.md#installing-dependencies",
        "This file is @generated automatically"
    ],
    "content-hash": "8ad4d199852270c5bd18636fb1e428a3",
    "packages": [
        {
            "name": "di2/container",
            "version": "1.0.0",
            "source": {
                "type": "git",
                "url": "https://github.com/Shveikin/DI2.Container.git",
                "reference": "ae9db22b045fb911a9a32ec92a8f5a5c76ee32b1"
            },
            "dist": {
                "type": "zip",
                "url": "https://api.github.com/repos/Shveikin/DI2.Container/zipball/ae9db22b045fb911a9a32ec92a8f5a5c76ee32b1",
                "reference": "ae9db22b045fb911a9a32ec92a8f5a5c76ee32b1",
                "shasum": ""
            },
            "type": "library",
            "autoload": {
                "psr-4": {
                    "DI2\\": "src/",
                    "clases\\": "example/clases"
                }
            },
            "notification-url": "https://packagist.org/downloads/",
            "license": [
                "MIT"
            ],
            "authors": [
                {
                    "name": "picus23",
                    "email": "picus.2022@mail.ru"
                }
            ],
            "description": "DI2",
            "support": {
                "issues": "https://github.com/Shveikin/DI2.Container/issues",
                "source": "https://github.com/Shveikin/DI2.Container/tree/v1.0.0"
            },
            "time": "2022-06-17T02:37:10+00:00"
        }
    ],
    "packages-dev": [],
    "aliases": [],
    "minimum-stability": "stable",
    "stability-flags": [],
    "prefer-stable": false,
    "prefer-lowest": false,
    "platform": [],
    "platform-dev": [],
    "plugin-api-version": "2.1.0"
}
